Microsoft Visual Studio Solution File, Format Version 12.00
# Visual Studio Version 17
VisualStudioVersion = 17.5.2.0
MinimumVisualStudioVersion = 10.0.40219.1
Project("{FAE04EC0-301F-11D3-BF4B-00C04F79EFBC}") = "NewsFeedBackend", "NewsFeedBackend\NewsFeedBackend.csproj", "{CF414857-4FBB-8D26-B25B-9B4C552CF021}"
EndProject
Global
	GlobalSection(SolutionConfigurationPlatforms) = preSolution
		Debug|Any CPU = Debug|Any CPU
		Release|Any CPU = Release|Any CPU
	EndGlobalSection
	GlobalSection(ProjectConfigurationPlatforms) = postSolution
		{CF414857-4FBB-8D26-B25B-9B4C552CF021}.Debug|Any CPU.ActiveCfg = Debug|Any CPU
		{CF414857-4FBB-8D26-B25B-9B4C552CF021}.Debug|Any CPU.Build.0 = Debug|Any CPU
		{CF414857-4FBB-8D26-B25B-9B4C552CF021}.Release|Any CPU.ActiveCfg = Release|Any CPU
		{CF414857-4FBB-8D26-B25B-9B4C552CF021}.Release|Any CPU.Build.0 = Release|Any CPU
	EndGlobalSection
	GlobalSection(SolutionProperties) = preSolution
		HideSolutionNode = FALSE
	EndGlobalSection
	GlobalSection(ExtensibilityGlobals) = postSolution
		SolutionGuid = {FA202826-3936-412D-8BF5-1D0EFF5EF2F7}
	EndGlobalSection
EndGlobal
